
Microsoft Visual Studio Solution File, Format Version 12.00
# Visual Studio 15
VisualStudioVersion = 15.0.26730.16
MinimumVisualStudioVersion = 10.0.40219.1
Project("{FAE04EC0-301F-11D3-BF4B-00C04F79EFBC}") = "EFUnitOfWork", "EFUnitOfWork\EFUnitOfWork.csproj", "{B3BF0E56-7383-4FBA-BCF1-2ADABDA82E23}"
EndProject
Project("{FAE04EC0-301F-11D3-BF4B-00C04F79EFBC}") = "EF.Core", "EF.Core\EF.Core.csproj", "{8D065EBD-2704-43D9-92A3-7F1BF20BD874}"
EndProject
Project("{FAE04EC0-301F-11D3-BF4B-00C04F79EFBC}") = "EF.Data", "EF.Data\EF.Data.csproj", "{3E4D22AD-CEDC-4FA4-97D0-45C399A3FC29}"
EndProject
Global
	GlobalSection(SolutionConfigurationPlatforms) = preSolution
		Debug|Any CPU = Debug|Any CPU
		Release|Any CPU = Release|Any CPU
	EndGlobalSection
	GlobalSection(ProjectConfigurationPlatforms) = postSolution
		{B3BF0E56-7383-4FBA-BCF1-2ADABDA82E23}.Debug|Any CPU.ActiveCfg = Debug|Any CPU
		{B3BF0E56-7383-4FBA-BCF1-2ADABDA82E23}.Debug|Any CPU.Build.0 = Debug|Any CPU
		{B3BF0E56-7383-4FBA-BCF1-2ADABDA82E23}.Release|Any CPU.ActiveCfg = Release|Any CPU
		{B3BF0E56-7383-4FBA-BCF1-2ADABDA82E23}.Release|Any CPU.Build.0 = Release|Any CPU
		{8D065EBD-2704-43D9-92A3-7F1BF20BD874}.Debug|Any CPU.ActiveCfg = Debug|Any CPU
		{8D065EBD-2704-43D9-92A3-7F1BF20BD874}.Debug|Any CPU.Build.0 = Debug|Any CPU
		{8D065EBD-2704-43D9-92A3-7F1BF20BD874}.Release|Any CPU.ActiveCfg = Release|Any CPU
		{8D065EBD-2704-43D9-92A3-7F1BF20BD874}.Release|Any CPU.Build.0 = Release|Any CPU
		{3E4D22AD-CEDC-4FA4-97D0-45C399A3FC29}.Debug|Any CPU.ActiveCfg = Debug|Any CPU
		{3E4D22AD-CEDC-4FA4-97D0-45C399A3FC29}.Debug|Any CPU.Build.0 = Debug|Any CPU
		{3E4D22AD-CEDC-4FA4-97D0-45C399A3FC29}.Release|Any CPU.ActiveCfg = Release|Any CPU
		{3E4D22AD-CEDC-4FA4-97D0-45C399A3FC29}.Release|Any CPU.Build.0 = Release|Any CPU
	EndGlobalSection
	GlobalSection(SolutionProperties) = preSolution
		HideSolutionNode = FALSE
	EndGlobalSection
	GlobalSection(ExtensibilityGlobals) = postSolution
		SolutionGuid = {C42D695E-DC17-446C-9BA6-39F4524672DC}
	EndGlobalSection
EndGlobal
