
Microsoft Visual Studio Solution File, Format Version 12.00
# Visual Studio 15
VisualStudioVersion = 15.0.26730.16
MinimumVisualStudioVersion = 10.0.40219.1
Project("{FAE04EC0-301F-11D3-BF4B-00C04F79EFBC}") = "EF.DI", "EF.DI\EF.DI.csproj", "{FF2E6A6B-8122-4C74-B522-FF8B1B627FB1}"
EndProject
Project("{FAE04EC0-301F-11D3-BF4B-00C04F79EFBC}") = "EF.Core", "EF.Core\EF.Core.csproj", "{2147CBF8-E1CA-4CED-92CD-66BC4FC6FC58}"
EndProject
Project("{FAE04EC0-301F-11D3-BF4B-00C04F79EFBC}") = "EF.Data", "EF.Data\EF.Data.csproj", "{31C5599B-CDD8-4C68-8ED4-CE48C46DC471}"
EndProject
Project("{FAE04EC0-301F-11D3-BF4B-00C04F79EFBC}") = "EF.Service", "EF.Service\EF.Service.csproj", "{A20EFD82-FBAF-4560-A3A8-65615FE10533}"
EndProject
Global
	GlobalSection(SolutionConfigurationPlatforms) = preSolution
		Debug|Any CPU = Debug|Any CPU
		Release|Any CPU = Release|Any CPU
	EndGlobalSection
	GlobalSection(ProjectConfigurationPlatforms) = postSolution
		{FF2E6A6B-8122-4C74-B522-FF8B1B627FB1}.Debug|Any CPU.ActiveCfg = Debug|Any CPU
		{FF2E6A6B-8122-4C74-B522-FF8B1B627FB1}.Debug|Any CPU.Build.0 = Debug|Any CPU
		{FF2E6A6B-8122-4C74-B522-FF8B1B627FB1}.Release|Any CPU.ActiveCfg = Release|Any CPU
		{FF2E6A6B-8122-4C74-B522-FF8B1B627FB1}.Release|Any CPU.Build.0 = Release|Any CPU
		{2147CBF8-E1CA-4CED-92CD-66BC4FC6FC58}.Debug|Any CPU.ActiveCfg = Debug|Any CPU
		{2147CBF8-E1CA-4CED-92CD-66BC4FC6FC58}.Debug|Any CPU.Build.0 = Debug|Any CPU
		{2147CBF8-E1CA-4CED-92CD-66BC4FC6FC58}.Release|Any CPU.ActiveCfg = Release|Any CPU
		{2147CBF8-E1CA-4CED-92CD-66BC4FC6FC58}.Release|Any CPU.Build.0 = Release|Any CPU
		{31C5599B-CDD8-4C68-8ED4-CE48C46DC471}.Debug|Any CPU.ActiveCfg = Debug|Any CPU
		{31C5599B-CDD8-4C68-8ED4-CE48C46DC471}.Debug|Any CPU.Build.0 = Debug|Any CPU
		{31C5599B-CDD8-4C68-8ED4-CE48C46DC471}.Release|Any CPU.ActiveCfg = Release|Any CPU
		{31C5599B-CDD8-4C68-8ED4-CE48C46DC471}.Release|Any CPU.Build.0 = Release|Any CPU
		{A20EFD82-FBAF-4560-A3A8-65615FE10533}.Debug|Any CPU.ActiveCfg = Debug|Any CPU
		{A20EFD82-FBAF-4560-A3A8-65615FE10533}.Debug|Any CPU.Build.0 = Debug|Any CPU
		{A20EFD82-FBAF-4560-A3A8-65615FE10533}.Release|Any CPU.ActiveCfg = Release|Any CPU
		{A20EFD82-FBAF-4560-A3A8-65615FE10533}.Release|Any CPU.Build.0 = Release|Any CPU
	EndGlobalSection
	GlobalSection(SolutionProperties) = preSolution
		HideSolutionNode = FALSE
	EndGlobalSection
	GlobalSection(ExtensibilityGlobals) = postSolution
		SolutionGuid = {90E95B1A-7D78-4113-8A2D-D16166135FC4}
	EndGlobalSection
EndGlobal
